
Microsoft Visual Studio Solution File, Format Version 12.00
# Visual Studio 15
VisualStudioVersion = 15.0.27703.2026
MinimumVisualStudioVersion = 10.0.40219.1
Project("{FAE04EC0-301F-11D3-BF4B-00C04F79EFBC}") = "RomanToInteger", "RomanToInteger\RomanToInteger.csproj", "{ADA0D0B8-831E-4566-B992-98921EAF6861}"
EndProject
Global
	GlobalSection(SolutionConfigurationPlatforms) = preSolution
		Debug|Any CPU = Debug|Any CPU
		Release|Any CPU = Release|Any CPU
	EndGlobalSection
	GlobalSection(ProjectConfigurationPlatforms) = postSolution
		{ADA0D0B8-831E-4566-B992-98921EAF6861}.Debug|Any CPU.ActiveCfg = Debug|Any CPU
		{ADA0D0B8-831E-4566-B992-98921EAF6861}.Debug|Any CPU.Build.0 = Debug|Any CPU
		{ADA0D0B8-831E-4566-B992-98921EAF6861}.Release|Any CPU.ActiveCfg = Release|Any CPU
		{ADA0D0B8-831E-4566-B992-98921EAF6861}.Release|Any CPU.Build.0 = Release|Any CPU
	EndGlobalSection
	GlobalSection(SolutionProperties) = preSolution
		HideSolutionNode = FALSE
	EndGlobalSection
	GlobalSection(ExtensibilityGlobals) = postSolution
		SolutionGuid = {F0BB4C2E-EC84-4918-87BE-54C70B3B8958}
	EndGlobalSection
EndGlobal
